
Microsoft Visual Studio Solution File, Format Version 12.00
# Visual Studio Version 17
VisualStudioVersion = 17.1.32319.34
MinimumVisualStudioVersion = 10.0.40219.1
Project("{FAE04EC0-301F-11D3-BF4B-00C04F79EFBC}") = "Programa Lanchonete", "Programa Lanchonete\Programa Lanchonete.csproj", "{571A6928-B2BF-412C-B5EF-357110127546}"
EndProject
Global
	GlobalSection(SolutionConfigurationPlatforms) = preSolution
		Debug|Any CPU = Debug|Any CPU
		Release|Any CPU = Release|Any CPU
	EndGlobalSection
	GlobalSection(ProjectConfigurationPlatforms) = postSolution
		{571A6928-B2BF-412C-B5EF-357110127546}.Debug|Any CPU.ActiveCfg = Debug|Any CPU
		{571A6928-B2BF-412C-B5EF-357110127546}.Debug|Any CPU.Build.0 = Debug|Any CPU
		{571A6928-B2BF-412C-B5EF-357110127546}.Release|Any CPU.ActiveCfg = Release|Any CPU
		{571A6928-B2BF-412C-B5EF-357110127546}.Release|Any CPU.Build.0 = Release|Any CPU
	EndGlobalSection
	GlobalSection(SolutionProperties) = preSolution
		HideSolutionNode = FALSE
	EndGlobalSection
	GlobalSection(ExtensibilityGlobals) = postSolution
		SolutionGuid = {4C6966C7-126F-4382-81F6-EAE9640804C7}
	EndGlobalSection
EndGlobal
